// !$*UTF8*$!
{
	archiveVersion = 1;
	classes = {
	};
	objectVersion = 56;
	objects = {

/* Begin PBXBuildFile section */
		0C5FBDC02A8619400058959A /* ContactsViewModel.swift in Sources */ = {isa = PBXBuildFile; fileRef = 0C5FBDBF2A8619400058959A /* ContactsViewModel.swift */; };
		0C791ABF2A834B9200DA08D3 /* CustomTabBar.swift in Sources */ = {isa = PBXBuildFile; fileRef = 0C791ABE2A834B9200DA08D3 /* CustomTabBar.swift */; };
		0C791AC12A83755D00DA08D3 /* TabBarButton.swift in Sources */ = {isa = PBXBuildFile; fileRef = 0C791AC02A83755D00DA08D3 /* TabBarButton.swift */; };
		0C791AC32A83807700DA08D3 /* GoogleService-Info.plist in Resources */ = {isa = PBXBuildFile; fileRef = 0C791AC22A83807700DA08D3 /* GoogleService-Info.plist */; };
		0C791AC62A83829400DA08D3 /* FirebaseAuth in Frameworks */ = {isa = PBXBuildFile; productRef = 0C791AC52A83829400DA08D3 /* FirebaseAuth */; };
		0C791AC82A83829400DA08D3 /* FirebaseFirestore in Frameworks */ = {isa = PBXBuildFile; productRef = 0C791AC72A83829400DA08D3 /* FirebaseFirestore */; };
		0C791ACA2A83829400DA08D3 /* FirebaseFirestoreSwift in Frameworks */ = {isa = PBXBuildFile; productRef = 0C791AC92A83829400DA08D3 /* FirebaseFirestoreSwift */; };
		0C791ACC2A83829400DA08D3 /* FirebaseStorage in Frameworks */ = {isa = PBXBuildFile; productRef = 0C791ACB2A83829400DA08D3 /* FirebaseStorage */; };
		0C791ACE2A83832000DA08D3 /* AppDelegate.swift in Sources */ = {isa = PBXBuildFile; fileRef = 0C791ACD2A83832000DA08D3 /* AppDelegate.swift */; };
		0C791AD12A83A0E400DA08D3 /* AuthViewModel.swift in Sources */ = {isa = PBXBuildFile; fileRef = 0C791AD02A83A0E400DA08D3 /* AuthViewModel.swift */; };
		0C791AD42A83C36C00DA08D3 /* OnboardingContainerView.swift in Sources */ = {isa = PBXBuildFile; fileRef = 0C791AD32A83C36C00DA08D3 /* OnboardingContainerView.swift */; };
		0C791AD62A83CB4D00DA08D3 /* WelcomeView.swift in Sources */ = {isa = PBXBuildFile; fileRef = 0C791AD52A83CB4D00DA08D3 /* WelcomeView.swift */; };
		0C791AD82A83CB8B00DA08D3 /* PhoneNumberView.swift in Sources */ = {isa = PBXBuildFile; fileRef = 0C791AD72A83CB8B00DA08D3 /* PhoneNumberView.swift */; };
		0C791ADA2A83CBAC00DA08D3 /* VerificationView.swift in Sources */ = {isa = PBXBuildFile; fileRef = 0C791AD92A83CBAC00DA08D3 /* VerificationView.swift */; };
		0C791ADC2A83CC0500DA08D3 /* CreateProfileView.swift in Sources */ = {isa = PBXBuildFile; fileRef = 0C791ADB2A83CC0500DA08D3 /* CreateProfileView.swift */; };
		0C791ADE2A83CC2500DA08D3 /* SyncContactsView.swift in Sources */ = {isa = PBXBuildFile; fileRef = 0C791ADD2A83CC2500DA08D3 /* SyncContactsView.swift */; };
		0CAD05442A828F29007587AF /* Fonts.swift in Sources */ = {isa = PBXBuildFile; fileRef = 0CAD05432A828F29007587AF /* Fonts.swift */; };
		0CAE39032A84B0D600AA5956 /* OnboardingButtonStyle.swift in Sources */ = {isa = PBXBuildFile; fileRef = 0CAE39022A84B0D600AA5956 /* OnboardingButtonStyle.swift */; };
		0CAE390F2A84B58500AA5956 /* LexendDeca-Bold.ttf in Resources */ = {isa = PBXBuildFile; fileRef = 0CAE390C2A84B58500AA5956 /* LexendDeca-Bold.ttf */; };
		0CAE39102A84B58500AA5956 /* LexendDeca-Regular.ttf in Resources */ = {isa = PBXBuildFile; fileRef = 0CAE390D2A84B58500AA5956 /* LexendDeca-Regular.ttf */; };
		0CAE39112A84B58500AA5956 /* LexendDeca-SemiBold.ttf in Resources */ = {isa = PBXBuildFile; fileRef = 0CAE390E2A84B58500AA5956 /* LexendDeca-SemiBold.ttf */; };
		0CAE39132A84F5DE00AA5956 /* CreateProfileTextfieldStyle.swift in Sources */ = {isa = PBXBuildFile; fileRef = 0CAE39122A84F5DE00AA5956 /* CreateProfileTextfieldStyle.swift */; };
		0CEC1CD52A820DCA004076E0 /* swiftui_chatApp.swift in Sources */ = {isa = PBXBuildFile; fileRef = 0CEC1CD42A820DCA004076E0 /* swiftui_chatApp.swift */; };
		0CEC1CD72A820DCA004076E0 /* RootView.swift in Sources */ = {isa = PBXBuildFile; fileRef = 0CEC1CD62A820DCA004076E0 /* RootView.swift */; };
		0CEC1CD92A820DCB004076E0 /* Assets.xcassets in Resources */ = {isa = PBXBuildFile; fileRef = 0CEC1CD82A820DCB004076E0 /* Assets.xcassets */; };
		0CEC1CDC2A820DCB004076E0 /* Preview Assets.xcassets in Resources */ = {isa = PBXBuildFile; fileRef = 0CEC1CDB2A820DCB004076E0 /* Preview Assets.xcassets */; };
/* End PBXBuildFile section */

/* Begin PBXFileReference section */
		0C5FBDBF2A8619400058959A /* ContactsViewModel.swift */ = {isa = PBXFileReference; lastKnownFileType = sourcecode.swift; path = ContactsViewModel.swift; sourceTree = "<group>"; };
		0C791ABE2A834B9200DA08D3 /* CustomTabBar.swift */ = {isa = PBXFileReference; lastKnownFileType = sourcecode.swift; path = CustomTabBar.swift; sourceTree = "<group>"; };
		0C791AC02A83755D00DA08D3 /* TabBarButton.swift */ = {isa = PBXFileReference; lastKnownFileType = sourcecode.swift; path = TabBarButton.swift; sourceTree = "<group>"; };
		0C791AC22A83807700DA08D3 /* GoogleService-Info.plist */ = {isa = PBXFileReference; fileEncoding = 4; lastKnownFileType = text.plist.xml; name = "GoogleService-Info.plist"; path = "../../Chat App/GoogleService-Info.plist"; sourceTree = "<group>"; };
		0C791ACD2A83832000DA08D3 /* AppDelegate.swift */ = {isa = PBXFileReference; lastKnownFileType = sourcecode.swift; path = AppDelegate.swift; sourceTree = "<group>"; };
		0C791ACF2A83915A00DA08D3 /* swiftui-chat.entitlements */ = {isa = PBXFileReference; lastKnownFileType = text.plist.entitlements; path = "swiftui-chat.entitlements"; sourceTree = "<group>"; };
		0C791AD02A83A0E400DA08D3 /* AuthViewModel.swift */ = {isa = PBXFileReference; lastKnownFileType = sourcecode.swift; path = AuthViewModel.swift; sourceTree = "<group>"; };
		0C791AD32A83C36C00DA08D3 /* OnboardingContainerView.swift */ = {isa = PBXFileReference; lastKnownFileType = sourcecode.swift; path = OnboardingContainerView.swift; sourceTree = "<group>"; };
		0C791AD52A83CB4D00DA08D3 /* WelcomeView.swift */ = {isa = PBXFileReference; lastKnownFileType = sourcecode.swift; path = WelcomeView.swift; sourceTree = "<group>"; };
		0C791AD72A83CB8B00DA08D3 /* PhoneNumberView.swift */ = {isa = PBXFileReference; lastKnownFileType = sourcecode.swift; path = PhoneNumberView.swift; sourceTree = "<group>"; };
		0C791AD92A83CBAC00DA08D3 /* VerificationView.swift */ = {isa = PBXFileReference; lastKnownFileType = sourcecode.swift; path = VerificationView.swift; sourceTree = "<group>"; };
		0C791ADB2A83CC0500DA08D3 /* CreateProfileView.swift */ = {isa = PBXFileReference; lastKnownFileType = sourcecode.swift; path = CreateProfileView.swift; sourceTree = "<group>"; };
		0C791ADD2A83CC2500DA08D3 /* SyncContactsView.swift */ = {isa = PBXFileReference; lastKnownFileType = sourcecode.swift; path = SyncContactsView.swift; sourceTree = "<group>"; };
		0CAD05432A828F29007587AF /* Fonts.swift */ = {isa = PBXFileReference; lastKnownFileType = sourcecode.swift; path = Fonts.swift; sourceTree = "<group>"; };
		0CAE39022A84B0D600AA5956 /* OnboardingButtonStyle.swift */ = {isa = PBXFileReference; lastKnownFileType = sourcecode.swift; path = OnboardingButtonStyle.swift; sourceTree = "<group>"; };
		0CAE390C2A84B58500AA5956 /* LexendDeca-Bold.ttf */ = {isa = PBXFileReference; lastKnownFileType = file; path = "LexendDeca-Bold.ttf"; sourceTree = "<group>"; };
		0CAE390D2A84B58500AA5956 /* LexendDeca-Regular.ttf */ = {isa = PBXFileReference; lastKnownFileType = file; path = "LexendDeca-Regular.ttf"; sourceTree = "<group>"; };
		0CAE390E2A84B58500AA5956 /* LexendDeca-SemiBold.ttf */ = {isa = PBXFileReference; lastKnownFileType = file; path = "LexendDeca-SemiBold.ttf"; sourceTree = "<group>"; };
		0CAE39122A84F5DE00AA5956 /* CreateProfileTextfieldStyle.swift */ = {isa = PBXFileReference; lastKnownFileType = sourcecode.swift; path = CreateProfileTextfieldStyle.swift; sourceTree = "<group>"; };
		0CEC1CD12A820DCA004076E0 /* swiftui-chat.app */ = {isa = PBXFileReference; explicitFileType = wrapper.application; includeInIndex = 0; path = "swiftui-chat.app"; sourceTree = BUILT_PRODUCTS_DIR; };
		0CEC1CD42A820DCA004076E0 /* swiftui_chatApp.swift */ = {isa = PBXFileReference; lastKnownFileType = sourcecode.swift; path = swiftui_chatApp.swift; sourceTree = "<group>"; };
		0CEC1CD62A820DCA004076E0 /* RootView.swift */ = {isa = PBXFileReference; lastKnownFileType = sourcecode.swift; path = RootView.swift; sourceTree = "<group>"; };
		0CEC1CD82A820DCB004076E0 /* Assets.xcassets */ = {isa = PBXFileReference; lastKnownFileType = folder.assetcatalog; path = Assets.xcassets; sourceTree = "<group>"; };
		0CEC1CDB2A820DCB004076E0 /* Preview Assets.xcassets */ = {isa = PBXFileReference; lastKnownFileType = folder.assetcatalog; path = "Preview Assets.xcassets"; sourceTree = "<group>"; };
		0CEC1CE82A82713F004076E0 /* Info.plist */ = {isa = PBXFileReference; lastKnownFileType = text.plist; path = Info.plist; sourceTree = "<group>"; };
/* End PBXFileReference section */

/* Begin PBXFrameworksBuildPhase section */
		0CEC1CCE2A820DCA004076E0 /* Frameworks */ = {
			isa = PBXFrameworksBuildPhase;
			buildActionMask = 2147483647;
			files = (
				0C791AC62A83829400DA08D3 /* FirebaseAuth in Frameworks */,
				0C791ACC2A83829400DA08D3 /* FirebaseStorage in Frameworks */,
				0C791AC82A83829400DA08D3 /* FirebaseFirestore in Frameworks */,
				0C791ACA2A83829400DA08D3 /* FirebaseFirestoreSwift in Frameworks */,
			);
			runOnlyForDeploymentPostprocessing = 0;
		};
/* End PBXFrameworksBuildPhase section */

/* Begin PBXGroup section */
		0C791ABD2A834B7600DA08D3 /* Custom Tab Bar */ = {
			isa = PBXGroup;
			children = (
				0C791ABE2A834B9200DA08D3 /* CustomTabBar.swift */,
				0C791AC02A83755D00DA08D3 /* TabBarButton.swift */,
			);
			path = "Custom Tab Bar";
			sourceTree = "<group>";
		};
		0C791AD22A83C33B00DA08D3 /* Onboarding */ = {
			isa = PBXGroup;
			children = (
				0C791AD32A83C36C00DA08D3 /* OnboardingContainerView.swift */,
				0C791AD52A83CB4D00DA08D3 /* WelcomeView.swift */,
				0C791AD72A83CB8B00DA08D3 /* PhoneNumberView.swift */,
				0C791AD92A83CBAC00DA08D3 /* VerificationView.swift */,
				0C791ADB2A83CC0500DA08D3 /* CreateProfileView.swift */,
				0C791ADD2A83CC2500DA08D3 /* SyncContactsView.swift */,
			);
			path = Onboarding;
			sourceTree = "<group>";
		};
		0CEC1CC82A820DCA004076E0 = {
			isa = PBXGroup;
			children = (
				0CEC1CD32A820DCA004076E0 /* swiftui-chat */,
				0CEC1CD22A820DCA004076E0 /* Products */,
			);
			sourceTree = "<group>";
		};
		0CEC1CD22A820DCA004076E0 /* Products */ = {
			isa = PBXGroup;
			children = (
				0CEC1CD12A820DCA004076E0 /* swiftui-chat.app */,
			);
			name = Products;
			sourceTree = "<group>";
		};
		0CEC1CD32A820DCA004076E0 /* swiftui-chat */ = {
			isa = PBXGroup;
			children = (
				0C791ACF2A83915A00DA08D3 /* swiftui-chat.entitlements */,
				0C791ACD2A83832000DA08D3 /* AppDelegate.swift */,
				0CEC1CE82A82713F004076E0 /* Info.plist */,
				0C791AC22A83807700DA08D3 /* GoogleService-Info.plist */,
				0CEC1CD42A820DCA004076E0 /* swiftui_chatApp.swift */,
				0CEC1CD62A820DCA004076E0 /* RootView.swift */,
				0CEC1CE22A820DDC004076E0 /* Views */,
				0CEC1CE32A820DF2004076E0 /* ViewModels */,
				0CEC1CE42A820E07004076E0 /* Models */,
				0CEC1CE52A820E1B004076E0 /* Services */,
				0CEC1CE62A820E45004076E0 /* Helpers */,
				0CEC1CE72A820EB5004076E0 /* Fonts */,
				0CEC1CD82A820DCB004076E0 /* Assets.xcassets */,
				0CEC1CDA2A820DCB004076E0 /* Preview Content */,
			);
			path = "swiftui-chat";
			sourceTree = "<group>";
		};
		0CEC1CDA2A820DCB004076E0 /* Preview Content */ = {
			isa = PBXGroup;
			children = (
				0CEC1CDB2A820DCB004076E0 /* Preview Assets.xcassets */,
			);
			path = "Preview Content";
			sourceTree = "<group>";
		};
		0CEC1CE22A820DDC004076E0 /* Views */ = {
			isa = PBXGroup;
			children = (
				0C791AD22A83C33B00DA08D3 /* Onboarding */,
				0C791ABD2A834B7600DA08D3 /* Custom Tab Bar */,
			);
			path = Views;
			sourceTree = "<group>";
		};
		0CEC1CE32A820DF2004076E0 /* ViewModels */ = {
			isa = PBXGroup;
			children = (
				0C791AD02A83A0E400DA08D3 /* AuthViewModel.swift */,
				0C5FBDBF2A8619400058959A /* ContactsViewModel.swift */,
			);
			path = ViewModels;
			sourceTree = "<group>";
		};
		0CEC1CE42A820E07004076E0 /* Models */ = {
			isa = PBXGroup;
			children = (
			);
			path = Models;
			sourceTree = "<group>";
		};
		0CEC1CE52A820E1B004076E0 /* Services */ = {
			isa = PBXGroup;
			children = (
			);
			path = Services;
			sourceTree = "<group>";
		};
		0CEC1CE62A820E45004076E0 /* Helpers */ = {
			isa = PBXGroup;
			children = (
				0CAD05432A828F29007587AF /* Fonts.swift */,
				0CAE39022A84B0D600AA5956 /* OnboardingButtonStyle.swift */,
				0CAE39122A84F5DE00AA5956 /* CreateProfileTextfieldStyle.swift */,
			);
			path = Helpers;
			sourceTree = "<group>";
		};
		0CEC1CE72A820EB5004076E0 /* Fonts */ = {
			isa = PBXGroup;
			children = (
				0CAE390C2A84B58500AA5956 /* LexendDeca-Bold.ttf */,
				0CAE390D2A84B58500AA5956 /* LexendDeca-Regular.ttf */,
				0CAE390E2A84B58500AA5956 /* LexendDeca-SemiBold.ttf */,
			);
			path = Fonts;
			sourceTree = "<group>";
		};
/* End PBXGroup section */

/* Begin PBXNativeTarget section */
		0CEC1CD02A820DCA004076E0 /* swiftui-chat */ = {
			isa = PBXNativeTarget;
			buildConfigurationList = 0CEC1CDF2A820DCB004076E0 /* Build configuration list for PBXNativeTarget "swiftui-chat" */;
			buildPhases = (
				0CEC1CCD2A820DCA004076E0 /* Sources */,
				0CEC1CCE2A820DCA004076E0 /* Frameworks */,
				0CEC1CCF2A820DCA004076E0 /* Resources */,
			);
			buildRules = (
			);
			dependencies = (
			);
			name = "swiftui-chat";
			packageProductDependencies = (
				0C791AC52A83829400DA08D3 /* FirebaseAuth */,
				0C791AC72A83829400DA08D3 /* FirebaseFirestore */,
				0C791AC92A83829400DA08D3 /* FirebaseFirestoreSwift */,
				0C791ACB2A83829400DA08D3 /* FirebaseStorage */,
			);
			productName = "swiftui-chat";
			productReference = 0CEC1CD12A820DCA004076E0 /* swiftui-chat.app */;
			productType = "com.apple.product-type.application";
		};
/* End PBXNativeTarget section */

/* Begin PBXProject section */
		0CEC1CC92A820DCA004076E0 /* Project object */ = {
			isa = PBXProject;
			attributes = {
				BuildIndependentTargetsInParallel = 1;
				LastSwiftUpdateCheck = 1430;
				LastUpgradeCheck = 1430;
				TargetAttributes = {
					0CEC1CD02A820DCA004076E0 = {
						CreatedOnToolsVersion = 14.3.1;
					};
				};
			};
			buildConfigurationList = 0CEC1CCC2A820DCA004076E0 /* Build configuration list for PBXProject "swiftui-chat" */;
			compatibilityVersion = "Xcode 14.0";
			developmentRegion = en;
			hasScannedForEncodings = 0;
			knownRegions = (
				en,
				Base,
			);
			mainGroup = 0CEC1CC82A820DCA004076E0;
			packageReferences = (
				0C791AC42A83829400DA08D3 /* XCRemoteSwiftPackageReference "firebase-ios-sdk" */,
			);
			productRefGroup = 0CEC1CD22A820DCA004076E0 /* Products */;
			projectDirPath = "";
			projectRoot = "";
			targets = (
				0CEC1CD02A820DCA004076E0 /* swiftui-chat */,
			);
		};
/* End PBXProject section */

/* Begin PBXResourcesBuildPhase section */
		0CEC1CCF2A820DCA004076E0 /* Resources */ = {
			isa = PBXResourcesBuildPhase;
			buildActionMask = 2147483647;
			files = (
				0CAE39102A84B58500AA5956 /* LexendDeca-Regular.ttf in Resources */,
				0CEC1CDC2A820DCB004076E0 /* Preview Assets.xcassets in Resources */,
				0CAE39112A84B58500AA5956 /* LexendDeca-SemiBold.ttf in Resources */,
				0CEC1CD92A820DCB004076E0 /* Assets.xcassets in Resources */,
				0CAE390F2A84B58500AA5956 /* LexendDeca-Bold.ttf in Resources */,
				0C791AC32A83807700DA08D3 /* GoogleService-Info.plist in Resources */,
			);
			runOnlyForDeploymentPostprocessing = 0;
		};
/* End PBXResourcesBuildPhase section */

/* Begin PBXSourcesBuildPhase section */
		0CEC1CCD2A820DCA004076E0 /* Sources */ = {
			isa = PBXSourcesBuildPhase;
			buildActionMask = 2147483647;
			files = (
				0CAE39132A84F5DE00AA5956 /* CreateProfileTextfieldStyle.swift in Sources */,
				0C791ADE2A83CC2500DA08D3 /* SyncContactsView.swift in Sources */,
				0C791ACE2A83832000DA08D3 /* AppDelegate.swift in Sources */,
				0C791AD42A83C36C00DA08D3 /* OnboardingContainerView.swift in Sources */,
				0C791ABF2A834B9200DA08D3 /* CustomTabBar.swift in Sources */,
				0CAE39032A84B0D600AA5956 /* OnboardingButtonStyle.swift in Sources */,
				0CEC1CD72A820DCA004076E0 /* RootView.swift in Sources */,
				0C791AD62A83CB4D00DA08D3 /* WelcomeView.swift in Sources */,
				0C791AD12A83A0E400DA08D3 /* AuthViewModel.swift in Sources */,
				0C791ADC2A83CC0500DA08D3 /* CreateProfileView.swift in Sources */,
				0C791AD82A83CB8B00DA08D3 /* PhoneNumberView.swift in Sources */,
				0CAD05442A828F29007587AF /* Fonts.swift in Sources */,
				0C791ADA2A83CBAC00DA08D3 /* VerificationView.swift in Sources */,
				0C5FBDC02A8619400058959A /* ContactsViewModel.swift in Sources */,
				0C791AC12A83755D00DA08D3 /* TabBarButton.swift in Sources */,
				0CEC1CD52A820DCA004076E0 /* swiftui_chatApp.swift in Sources */,
			);
			runOnlyForDeploymentPostprocessing = 0;
		};
/* End PBXSourcesBuildPhase section */

/* Begin XCBuildConfiguration section */
		0CEC1CDD2A820DCB004076E0 /* Debug */ = {
			isa = XCBuildConfiguration;
			buildSettings = {
				ALWAYS_SEARCH_USER_PATHS = NO;
				CLANG_ANALYZER_NONNULL = YES;
				CLANG_ANALYZER_NUMBER_OBJECT_CONVERSION = YES_AGGRESSIVE;
				CLANG_CXX_LANGUAGE_STANDARD = "gnu++20";
				CLANG_ENABLE_MODULES = YES;
				CLANG_ENABLE_OBJC_ARC = YES;
				CLANG_ENABLE_OBJC_WEAK = YES;
				CLANG_WARN_BLOCK_CAPTURE_AUTORELEASING = YES;
				CLANG_WARN_BOOL_CONVERSION = YES;
				CLANG_WARN_COMMA = YES;
				CLANG_WARN_CONSTANT_CONVERSION = YES;
				CLANG_WARN_DEPRECATED_OBJC_IMPLEMENTATIONS = YES;
				CLANG_WARN_DIRECT_OBJC_ISA_USAGE = YES_ERROR;
				CLANG_WARN_DOCUMENTATION_COMMENTS = YES;
				CLANG_WARN_EMPTY_BODY = YES;
				CLANG_WARN_ENUM_CONVERSION = YES;
				CLANG_WARN_INFINITE_RECURSION = YES;
				CLANG_WARN_INT_CONVERSION = YES;
				CLANG_WARN_NON_LITERAL_NULL_CONVERSION = YES;
				CLANG_WARN_OBJC_IMPLICIT_RETAIN_SELF = YES;
				CLANG_WARN_OBJC_LITERAL_CONVERSION = YES;
				CLANG_WARN_OBJC_ROOT_CLASS = YES_ERROR;
				CLANG_WARN_QUOTED_INCLUDE_IN_FRAMEWORK_HEADER = YES;
				CLANG_WARN_RANGE_LOOP_ANALYSIS = YES;
				CLANG_WARN_STRICT_PROTOTYPES = YES;
				CLANG_WARN_SUSPICIOUS_MOVE = YES;
				CLANG_WARN_UNGUARDED_AVAILABILITY = YES_AGGRESSIVE;
				CLANG_WARN_UNREACHABLE_CODE = YES;
				CLANG_WARN__DUPLICATE_METHOD_MATCH = YES;
				COPY_PHASE_STRIP = NO;
				DEBUG_INFORMATION_FORMAT = dwarf;
				ENABLE_STRICT_OBJC_MSGSEND = YES;
				ENABLE_TESTABILITY = YES;
				GCC_C_LANGUAGE_STANDARD = gnu11;
				GCC_DYNAMIC_NO_PIC = NO;
				GCC_NO_COMMON_BLOCKS = YES;
				GCC_OPTIMIZATION_LEVEL = 0;
				GCC_PREPROCESSOR_DEFINITIONS = (
					"DEBUG=1",
					"$(inherited)",
				);
				GCC_WARN_64_TO_32_BIT_CONVERSION = YES;
				GCC_WARN_ABOUT_RETURN_TYPE = YES_ERROR;
				GCC_WARN_UNDECLARED_SELECTOR = YES;
				GCC_WARN_UNINITIALIZED_AUTOS = YES_AGGRESSIVE;
				GCC_WARN_UNUSED_FUNCTION = YES;
				GCC_WARN_UNUSED_VARIABLE = YES;
				IPHONEOS_DEPLOYMENT_TARGET = 16.4;
				MTL_ENABLE_DEBUG_INFO = INCLUDE_SOURCE;
				MTL_FAST_MATH = YES;
				ONLY_ACTIVE_ARCH = YES;
				SDKROOT = iphoneos;
				SWIFT_ACTIVE_COMPILATION_CONDITIONS = DEBUG;
				SWIFT_OPTIMIZATION_LEVEL = "-Onone";
			};
			name = Debug;
		};
		0CEC1CDE2A820DCB004076E0 /* Release */ = {
			isa = XCBuildConfiguration;
			buildSettings = {
				ALWAYS_SEARCH_USER_PATHS = NO;
				CLANG_ANALYZER_NONNULL = YES;
				CLANG_ANALYZER_NUMBER_OBJECT_CONVERSION = YES_AGGRESSIVE;
				CLANG_CXX_LANGUAGE_STANDARD = "gnu++20";
				CLANG_ENABLE_MODULES = YES;
				CLANG_ENABLE_OBJC_ARC = YES;
				CLANG_ENABLE_OBJC_WEAK = YES;
				CLANG_WARN_BLOCK_CAPTURE_AUTORELEASING = YES;
				CLANG_WARN_BOOL_CONVERSION = YES;
				CLANG_WARN_COMMA = YES;
				CLANG_WARN_CONSTANT_CONVERSION = YES;
				CLANG_WARN_DEPRECATED_OBJC_IMPLEMENTATIONS = YES;
				CLANG_WARN_DIRECT_OBJC_ISA_USAGE = YES_ERROR;
				CLANG_WARN_DOCUMENTATION_COMMENTS = YES;
				CLANG_WARN_EMPTY_BODY = YES;
				CLANG_WARN_ENUM_CONVERSION = YES;
				CLANG_WARN_INFINITE_RECURSION = YES;
				CLANG_WARN_INT_CONVERSION = YES;
				CLANG_WARN_NON_LITERAL_NULL_CONVERSION = YES;
				CLANG_WARN_OBJC_IMPLICIT_RETAIN_SELF = YES;
				CLANG_WARN_OBJC_LITERAL_CONVERSION = YES;
				CLANG_WARN_OBJC_ROOT_CLASS = YES_ERROR;
				CLANG_WARN_QUOTED_INCLUDE_IN_FRAMEWORK_HEADER = YES;
				CLANG_WARN_RANGE_LOOP_ANALYSIS = YES;
				CLANG_WARN_STRICT_PROTOTYPES = YES;
				CLANG_WARN_SUSPICIOUS_MOVE = YES;
				CLANG_WARN_UNGUARDED_AVAILABILITY = YES_AGGRESSIVE;
				CLANG_WARN_UNREACHABLE_CODE = YES;
				CLANG_WARN__DUPLICATE_METHOD_MATCH = YES;
				COPY_PHASE_STRIP = NO;
				DEBUG_INFORMATION_FORMAT = "dwarf-with-dsym";
				ENABLE_NS_ASSERTIONS = NO;
				ENABLE_STRICT_OBJC_MSGSEND = YES;
				GCC_C_LANGUAGE_STANDARD = gnu11;
				GCC_NO_COMMON_BLOCKS = YES;
				GCC_WARN_64_TO_32_BIT_CONVERSION = YES;
				GCC_WARN_ABOUT_RETURN_TYPE = YES_ERROR;
				GCC_WARN_UNDECLARED_SELECTOR = YES;
				GCC_WARN_UNINITIALIZED_AUTOS = YES_AGGRESSIVE;
				GCC_WARN_UNUSED_FUNCTION = YES;
				GCC_WARN_UNUSED_VARIABLE = YES;
				IPHONEOS_DEPLOYMENT_TARGET = 16.4;
				MTL_ENABLE_DEBUG_INFO = NO;
				MTL_FAST_MATH = YES;
				SDKROOT = iphoneos;
				SWIFT_COMPILATION_MODE = wholemodule;
				SWIFT_OPTIMIZATION_LEVEL = "-O";
				VALIDATE_PRODUCT = YES;
			};
			name = Release;
		};
		0CEC1CE02A820DCB004076E0 /* Debug */ = {
			isa = XCBuildConfiguration;
			buildSettings = {
				ASSETCATALOG_COMPILER_APPICON_NAME = AppIcon;
				ASSETCATALOG_COMPILER_GLOBAL_ACCENT_COLOR_NAME = AccentColor;
				CODE_SIGN_ENTITLEMENTS = "swiftui-chat/swiftui-chat.entitlements";
				CODE_SIGN_IDENTITY = "Apple Development";
				CODE_SIGN_STYLE = Automatic;
				CURRENT_PROJECT_VERSION = 1;
				DEVELOPMENT_ASSET_PATHS = "\"swiftui-chat/Preview Content\"";
				DEVELOPMENT_TEAM = 57N2LB8CNR;
				ENABLE_PREVIEWS = YES;
				GENERATE_INFOPLIST_FILE = YES;
				INFOPLIST_FILE = "swiftui-chat/Info.plist";
				INFOPLIST_KEY_UIApplicationSceneManifest_Generation = YES;
				INFOPLIST_KEY_UIApplicationSupportsIndirectInputEvents = YES;
				INFOPLIST_KEY_UILaunchScreen_Generation = YES;
				INFOPLIST_KEY_UISupportedInterfaceOrientations_iPad = "UIInterfaceOrientationPortrait UIInterfaceOrientationPortraitUpsideDown UIInterfaceOrientationLandscapeLeft UIInterfaceOrientationLandscapeRight";
				INFOPLIST_KEY_UISupportedInterfaceOrientations_iPhone = "UIInterfaceOrientationPortrait UIInterfaceOrientationLandscapeLeft UIInterfaceOrientationLandscapeRight";
				LD_RUNPATH_SEARCH_PATHS = (
					"$(inherited)",
					"@executable_path/Frameworks",
				);
				MARKETING_VERSION = 1.0;
				PRODUCT_BUNDLE_IDENTIFIER = "Home.swiftui-chat";
				PRODUCT_NAME = "$(TARGET_NAME)";
				PROVISIONING_PROFILE_SPECIFIER = "";
				SWIFT_EMIT_LOC_STRINGS = YES;
				SWIFT_VERSION = 5.0;
				TARGETED_DEVICE_FAMILY = "1,2";
			};
			name = Debug;
		};
		0CEC1CE12A820DCB004076E0 /* Release */ = {
			isa = XCBuildConfiguration;
			buildSettings = {
				ASSETCATALOG_COMPILER_APPICON_NAME = AppIcon;
				ASSETCATALOG_COMPILER_GLOBAL_ACCENT_COLOR_NAME = AccentColor;
				CODE_SIGN_ENTITLEMENTS = "swiftui-chat/swiftui-chat.entitlements";
				CODE_SIGN_IDENTITY = "Apple Development";
				CODE_SIGN_STYLE = Automatic;
				CURRENT_PROJECT_VERSION = 1;
				DEVELOPMENT_ASSET_PATHS = "\"swiftui-chat/Preview Content\"";
				DEVELOPMENT_TEAM = 57N2LB8CNR;
				ENABLE_PREVIEWS = YES;
				GENERATE_INFOPLIST_FILE = YES;
				INFOPLIST_FILE = "swiftui-chat/Info.plist";
				INFOPLIST_KEY_UIApplicationSceneManifest_Generation = YES;
				INFOPLIST_KEY_UIApplicationSupportsIndirectInputEvents = YES;
				INFOPLIST_KEY_UILaunchScreen_Generation = YES;
				INFOPLIST_KEY_UISupportedInterfaceOrientations_iPad = "UIInterfaceOrientationPortrait UIInterfaceOrientationPortraitUpsideDown UIInterfaceOrientationLandscapeLeft UIInterfaceOrientationLandscapeRight";
				INFOPLIST_KEY_UISupportedInterfaceOrientations_iPhone = "UIInterfaceOrientationPortrait UIInterfaceOrientationLandscapeLeft UIInterfaceOrientationLandscapeRight";
				LD_RUNPATH_SEARCH_PATHS = (
					"$(inherited)",
					"@executable_path/Frameworks",
				);
				MARKETING_VERSION = 1.0;
				PRODUCT_BUNDLE_IDENTIFIER = "Home.swiftui-chat";
				PRODUCT_NAME = "$(TARGET_NAME)";
				PROVISIONING_PROFILE_SPECIFIER = "";
				SWIFT_EMIT_LOC_STRINGS = YES;
				SWIFT_VERSION = 5.0;
				TARGETED_DEVICE_FAMILY = "1,2";
			};
			name = Release;
		};
/* End XCBuildConfiguration section */

/* Begin XCConfigurationList section */
		0CEC1CCC2A820DCA004076E0 /* Build configuration list for PBXProject "swiftui-chat" */ = {
			isa = XCConfigurationList;
			buildConfigurations = (
				0CEC1CDD2A820DCB004076E0 /* Debug */,
				0CEC1CDE2A820DCB004076E0 /* Release */,
			);
			defaultConfigurationIsVisible = 0;
			defaultConfigurationName = Release;
		};
		0CEC1CDF2A820DCB004076E0 /* Build configuration list for PBXNativeTarget "swiftui-chat" */ = {
			isa = XCConfigurationList;
			buildConfigurations = (
				0CEC1CE02A820DCB004076E0 /* Debug */,
				0CEC1CE12A820DCB004076E0 /* Release */,
			);
			defaultConfigurationIsVisible = 0;
			defaultConfigurationName = Release;
		};
/* End XCConfigurationList section */

/* Begin XCRemoteSwiftPackageReference section */
		0C791AC42A83829400DA08D3 /* XCRemoteSwiftPackageReference "firebase-ios-sdk" */ = {
			isa = XCRemoteSwiftPackageReference;
			repositoryURL = "https://github.com/firebase/firebase-ios-sdk";
			requirement = {
				kind = upToNextMajorVersion;
				minimumVersion = 10.0.0;
			};
		};
/* End XCRemoteSwiftPackageReference section */

/* Begin XCSwiftPackageProductDependency section */
		0C791AC52A83829400DA08D3 /* FirebaseAuth */ = {
			isa = XCSwiftPackageProductDependency;
			package = 0C791AC42A83829400DA08D3 /* XCRemoteSwiftPackageReference "firebase-ios-sdk" */;
			productName = FirebaseAuth;
		};
		0C791AC72A83829400DA08D3 /* FirebaseFirestore */ = {
			isa = XCSwiftPackageProductDependency;
			package = 0C791AC42A83829400DA08D3 /* XCRemoteSwiftPackageReference "firebase-ios-sdk" */;
			productName = FirebaseFirestore;
		};
		0C791AC92A83829400DA08D3 /* FirebaseFirestoreSwift */ = {
			isa = XCSwiftPackageProductDependency;
			package = 0C791AC42A83829400DA08D3 /* XCRemoteSwiftPackageReference "firebase-ios-sdk" */;
			productName = FirebaseFirestoreSwift;
		};
		0C791ACB2A83829400DA08D3 /* FirebaseStorage */ = {
			isa = XCSwiftPackageProductDependency;
			package = 0C791AC42A83829400DA08D3 /* XCRemoteSwiftPackageReference "firebase-ios-sdk" */;
			productName = FirebaseStorage;
		};
/* End XCSwiftPackageProductDependency section */
	};
	rootObject = 0CEC1CC92A820DCA004076E0 /* Project object */;
}
